
Microsoft Visual Studio Solution File, Format Version 12.00
# Visual Studio Version 16
VisualStudioVersion = 16.0.28809.33
MinimumVisualStudioVersion = 10.0.40219.1
Project("{FAE04EC0-301F-11D3-BF4B-00C04F79EFBC}") = "lab2", "lab2\lab2.csproj", "{056CAF6C-FCB8-418C-8F11-CBB7C4676A92}"
EndProject
Global
	GlobalSection(SolutionConfigurationPlatforms) = preSolution
		Debug|Any CPU = Debug|Any CPU
		Release|Any CPU = Release|Any CPU
	EndGlobalSection
	GlobalSection(ProjectConfigurationPlatforms) = postSolution
		{056CAF6C-FCB8-418C-8F11-CBB7C4676A92}.Debug|Any CPU.ActiveCfg = Debug|Any CPU
		{056CAF6C-FCB8-418C-8F11-CBB7C4676A92}.Debug|Any CPU.Build.0 = Debug|Any CPU
		{056CAF6C-FCB8-418C-8F11-CBB7C4676A92}.Release|Any CPU.ActiveCfg = Release|Any CPU
		{056CAF6C-FCB8-418C-8F11-CBB7C4676A92}.Release|Any CPU.Build.0 = Release|Any CPU
	EndGlobalSection
	GlobalSection(SolutionProperties) = preSolution
		HideSolutionNode = FALSE
	EndGlobalSection
	GlobalSection(ExtensibilityGlobals) = postSolution
		SolutionGuid = {5C6FDB72-0DED-4129-A643-54756B91F76C}
	EndGlobalSection
EndGlobal
